
Microsoft Visual Studio Solution File, Format Version 12.00
# Visual Studio Version 17
VisualStudioVersion = 17.3.32825.248
MinimumVisualStudioVersion = 10.0.40219.1
Project("{9A19103F-16F7-4668-BE54-9A1E7A4F7556}") = "QuomodoAssessmentTask", "QuomodoAssessmentTask\QuomodoAssessmentTask.csproj", "{C074A32D-3D7E-49CF-994D-CBC1F33D8186}"
EndProject
Global
	GlobalSection(SolutionConfigurationPlatforms) = preSolution
		Debug|Any CPU = Debug|Any CPU
		Release|Any CPU = Release|Any CPU
	EndGlobalSection
	GlobalSection(ProjectConfigurationPlatforms) = postSolution
		{C074A32D-3D7E-49CF-994D-CBC1F33D8186}.Debug|Any CPU.ActiveCfg = Debug|Any CPU
		{C074A32D-3D7E-49CF-994D-CBC1F33D8186}.Debug|Any CPU.Build.0 = Debug|Any CPU
		{C074A32D-3D7E-49CF-994D-CBC1F33D8186}.Release|Any CPU.ActiveCfg = Release|Any CPU
		{C074A32D-3D7E-49CF-994D-CBC1F33D8186}.Release|Any CPU.Build.0 = Release|Any CPU
	EndGlobalSection
	GlobalSection(SolutionProperties) = preSolution
		HideSolutionNode = FALSE
	EndGlobalSection
	GlobalSection(ExtensibilityGlobals) = postSolution
		SolutionGuid = {E80560EC-BCDC-421F-BD73-6189EB3EEE46}
	EndGlobalSection
EndGlobal
